
Microsoft Visual Studio Solution File, Format Version 12.00
# Visual Studio Version 16
VisualStudioVersion = 16.0.30503.244
MinimumVisualStudioVersion = 10.0.40219.1
Project("{FAE04EC0-301F-11D3-BF4B-00C04F79EFBC}") = "trainTicketsApp.Api", "trainTicketsApp.Api\trainTicketsApp.Api.csproj", "{6DA67D47-FD20-49EB-8EF1-97EB9B83FDE9}"
	ProjectSection(ProjectDependencies) = postProject
		{EAF6DE65-03E7-404A-9094-25CB2B7A7CB7} = {EAF6DE65-03E7-404A-9094-25CB2B7A7CB7}
		{05625C92-418D-46D3-9D88-D083B2C7568F} = {05625C92-418D-46D3-9D88-D083B2C7568F}
		{16A1D7AE-05E4-427D-8E6C-286170770425} = {16A1D7AE-05E4-427D-8E6C-286170770425}
	EndProjectSection
EndProject
Project("{FAE04EC0-301F-11D3-BF4B-00C04F79EFBC}") = "TrainTickets.Infrastructure", "TrainTickets.Infrastructure\TrainTickets.Infrastructure.csproj", "{EAF6DE65-03E7-404A-9094-25CB2B7A7CB7}"
EndProject
Project("{FAE04EC0-301F-11D3-BF4B-00C04F79EFBC}") = "TrainTickets.BusinessLogic", "TrainTickets.BusinessLogic\TrainTickets.BusinessLogic.csproj", "{16A1D7AE-05E4-427D-8E6C-286170770425}"
EndProject
Project("{FAE04EC0-301F-11D3-BF4B-00C04F79EFBC}") = "TrainTickets.Domain", "TrainTickets.Domain\TrainTickets.Domain.csproj", "{05625C92-418D-46D3-9D88-D083B2C7568F}"
EndProject
Global
	GlobalSection(SolutionConfigurationPlatforms) = preSolution
		Debug|Any CPU = Debug|Any CPU
		Release|Any CPU = Release|Any CPU
	EndGlobalSection
	GlobalSection(ProjectConfigurationPlatforms) = postSolution
		{6DA67D47-FD20-49EB-8EF1-97EB9B83FDE9}.Debug|Any CPU.ActiveCfg = Debug|Any CPU
		{6DA67D47-FD20-49EB-8EF1-97EB9B83FDE9}.Debug|Any CPU.Build.0 = Debug|Any CPU
		{6DA67D47-FD20-49EB-8EF1-97EB9B83FDE9}.Release|Any CPU.ActiveCfg = Release|Any CPU
		{6DA67D47-FD20-49EB-8EF1-97EB9B83FDE9}.Release|Any CPU.Build.0 = Release|Any CPU
		{EAF6DE65-03E7-404A-9094-25CB2B7A7CB7}.Debug|Any CPU.ActiveCfg = Debug|Any CPU
		{EAF6DE65-03E7-404A-9094-25CB2B7A7CB7}.Debug|Any CPU.Build.0 = Debug|Any CPU
		{EAF6DE65-03E7-404A-9094-25CB2B7A7CB7}.Release|Any CPU.ActiveCfg = Release|Any CPU
		{EAF6DE65-03E7-404A-9094-25CB2B7A7CB7}.Release|Any CPU.Build.0 = Release|Any CPU
		{16A1D7AE-05E4-427D-8E6C-286170770425}.Debug|Any CPU.ActiveCfg = Debug|Any CPU
		{16A1D7AE-05E4-427D-8E6C-286170770425}.Debug|Any CPU.Build.0 = Debug|Any CPU
		{16A1D7AE-05E4-427D-8E6C-286170770425}.Release|Any CPU.ActiveCfg = Release|Any CPU
		{16A1D7AE-05E4-427D-8E6C-286170770425}.Release|Any CPU.Build.0 = Release|Any CPU
		{05625C92-418D-46D3-9D88-D083B2C7568F}.Debug|Any CPU.ActiveCfg = Debug|Any CPU
		{05625C92-418D-46D3-9D88-D083B2C7568F}.Debug|Any CPU.Build.0 = Debug|Any CPU
		{05625C92-418D-46D3-9D88-D083B2C7568F}.Release|Any CPU.ActiveCfg = Release|Any CPU
		{05625C92-418D-46D3-9D88-D083B2C7568F}.Release|Any CPU.Build.0 = Release|Any CPU
	EndGlobalSection
	GlobalSection(SolutionProperties) = preSolution
		HideSolutionNode = FALSE
	EndGlobalSection
	GlobalSection(ExtensibilityGlobals) = postSolution
		SolutionGuid = {70B71568-BE02-4F5F-98CA-F16B55BE2741}
	EndGlobalSection
EndGlobal
